
Microsoft Visual Studio Solution File, Format Version 12.00
# Visual Studio Version 17
VisualStudioVersion = 17.0.32112.339
MinimumVisualStudioVersion = 10.0.40219.1
Project("{FAE04EC0-301F-11D3-BF4B-00C04F79EFBC}") = "worker", "worker\worker.csproj", "{A304690B-7F64-45D8-BA3A-965A56C531E9}"
EndProject
Global
	GlobalSection(SolutionConfigurationPlatforms) = preSolution
		Debug|Any CPU = Debug|Any CPU
		Release|Any CPU = Release|Any CPU
	EndGlobalSection
	GlobalSection(ProjectConfigurationPlatforms) = postSolution
		{A304690B-7F64-45D8-BA3A-965A56C531E9}.Debug|Any CPU.ActiveCfg = Debug|Any CPU
		{A304690B-7F64-45D8-BA3A-965A56C531E9}.Debug|Any CPU.Build.0 = Debug|Any CPU
		{A304690B-7F64-45D8-BA3A-965A56C531E9}.Release|Any CPU.ActiveCfg = Release|Any CPU
		{A304690B-7F64-45D8-BA3A-965A56C531E9}.Release|Any CPU.Build.0 = Release|Any CPU
	EndGlobalSection
	GlobalSection(SolutionProperties) = preSolution
		HideSolutionNode = FALSE
	EndGlobalSection
	GlobalSection(ExtensibilityGlobals) = postSolution
		SolutionGuid = {EB343B43-F2EC-4E7B-B738-2C1DD9D877A1}
	EndGlobalSection
EndGlobal
